
Microsoft Visual Studio Solution File, Format Version 12.00
# Visual Studio Version 17
VisualStudioVersion = 17.0.31912.275
MinimumVisualStudioVersion = 10.0.40219.1
Project("{FAE04EC0-301F-11D3-BF4B-00C04F79EFBC}") = "DemoWeb", "DemoWeb\DemoWeb.csproj", "{6B3FD38C-23C0-40FC-B31E-D5E40D8FB509}"
EndProject
Global
	GlobalSection(SolutionConfigurationPlatforms) = preSolution
		Debug|Any CPU = Debug|Any CPU
		Release|Any CPU = Release|Any CPU
	EndGlobalSection
	GlobalSection(ProjectConfigurationPlatforms) = postSolution
		{6B3FD38C-23C0-40FC-B31E-D5E40D8FB509}.Debug|Any CPU.ActiveCfg = Debug|Any CPU
		{6B3FD38C-23C0-40FC-B31E-D5E40D8FB509}.Debug|Any CPU.Build.0 = Debug|Any CPU
		{6B3FD38C-23C0-40FC-B31E-D5E40D8FB509}.Release|Any CPU.ActiveCfg = Release|Any CPU
		{6B3FD38C-23C0-40FC-B31E-D5E40D8FB509}.Release|Any CPU.Build.0 = Release|Any CPU
	EndGlobalSection
	GlobalSection(SolutionProperties) = preSolution
		HideSolutionNode = FALSE
	EndGlobalSection
	GlobalSection(ExtensibilityGlobals) = postSolution
		SolutionGuid = {CE69F0FB-0371-49EF-8118-74453909226D}
	EndGlobalSection
EndGlobal
